
Microsoft Visual Studio Solution File, Format Version 12.00
# Visual Studio Version 17
VisualStudioVersion = 17.3.32825.248
MinimumVisualStudioVersion = 10.0.40219.1
Project("{9A19103F-16F7-4668-BE54-9A1E7A4F7556}") = "BackupHelper.Core", "src\BackupHelper.Core\BackupHelper.Core.csproj", "{42D793F2-D0C0-4808-93FC-E45FE0BD3861}"
EndProject
Project("{2150E333-8FDC-42A3-9474-1A3956D46DE8}") = "src", "src", "{036A0814-F4D4-4054-BEA1-22F562BCA9C1}"
EndProject
Project("{2150E333-8FDC-42A3-9474-1A3956D46DE8}") = "tests", "tests", "{D1E4C4F2-71F9-4C60-A090-213BB9107928}"
EndProject
Project("{9A19103F-16F7-4668-BE54-9A1E7A4F7556}") = "BackupHelper.Core.Tests", "tests\BackupHelper.Core.Tests\BackupHelper.Core.Tests.csproj", "{2703B2B8-D7C3-4592-B0A8-E1D1133A2AEF}"
EndProject
Project("{2150E333-8FDC-42A3-9474-1A3956D46DE8}") = "interfaces", "interfaces", "{E22D1EE7-D361-41E3-AC1D-B286DA20D527}"
EndProject
Project("{9A19103F-16F7-4668-BE54-9A1E7A4F7556}") = "BackupHelper.ConsoleApp", "src\BackupHelper.ConsoleApp\BackupHelper.ConsoleApp.csproj", "{6CBFDFEA-102C-4B60-B455-EA97FB78BA29}"
EndProject
Project("{2150E333-8FDC-42A3-9474-1A3956D46DE8}") = "sources", "sources", "{B737ACBE-FCDA-4F94-BE6A-F78961B87834}"
EndProject
Project("{FAE04EC0-301F-11D3-BF4B-00C04F79EFBC}") = "BackupHelper.Sources.Abstractions", "src\BackupHelper.Sources.Abstractions\BackupHelper.Sources.Abstractions.csproj", "{D9BD7CA3-138E-4633-8331-0680D0A95EB7}"
EndProject
Project("{FAE04EC0-301F-11D3-BF4B-00C04F79EFBC}") = "BackupHelper.Sources.SMB", "src\BackupHelper.Sources.SMB\BackupHelper.Sources.SMB.csproj", "{3CB86277-B9AB-4A51-98F3-D3B46CB4CB57}"
EndProject
Project("{FAE04EC0-301F-11D3-BF4B-00C04F79EFBC}") = "BackupHelper.Sources.FileSystem", "src\BackupHelper.Sources.FileSystem\BackupHelper.Sources.FileSystem.csproj", "{9945BD2C-9299-4314-96B1-9D9E965DD09E}"
EndProject
Project("{2150E333-8FDC-42A3-9474-1A3956D46DE8}") = "sources", "sources", "{38353503-ACDF-42FA-8EF1-863182CBB456}"
EndProject
Project("{FAE04EC0-301F-11D3-BF4B-00C04F79EFBC}") = "BackupHelper.Sources.FileSystem.Tests", "tests\BackupHelper.Sources.FileSystem.Tests\BackupHelper.Sources.FileSystem.Tests.csproj", "{E18DCB6F-572A-480E-AD99-15744A2E8598}"
EndProject
Project("{FAE04EC0-301F-11D3-BF4B-00C04F79EFBC}") = "BackupHelper.Sources.SMB.Tests", "tests\BackupHelper.Sources.SMB.Tests\BackupHelper.Sources.SMB.Tests.csproj", "{0FF8E2B1-ECEF-4C2E-9A16-8B83FFE1E668}"
EndProject
Project("{FAE04EC0-301F-11D3-BF4B-00C04F79EFBC}") = "BackupHelper.Abstractions", "src\BackupHelper.Abstractions\BackupHelper.Abstractions.csproj", "{EAD66FA8-D9CD-4CCD-9C79-8E7A3AF88EB2}"
EndProject
Project("{FAE04EC0-301F-11D3-BF4B-00C04F79EFBC}") = "BackupHelper.Tests.Shared", "tests\BackupHelper.Tests.Shared\BackupHelper.Tests.Shared.csproj", "{C663DEDC-CD7F-4F55-9448-5CC653139A63}"
EndProject
Project("{FAE04EC0-301F-11D3-BF4B-00C04F79EFBC}") = "BackupHelper.Api", "src\BackupHelper.Api\BackupHelper.Api.csproj", "{89F6E7F2-0EDA-43A9-A491-0BEBDC76AA6D}"
EndProject
Project("{2150E333-8FDC-42A3-9474-1A3956D46DE8}") = "sinks", "sinks", "{F5D07AD9-192F-488F-94B6-9DDA39A1A021}"
EndProject
Project("{FAE04EC0-301F-11D3-BF4B-00C04F79EFBC}") = "BackupHelper.Sinks.Azure", "src\BackupHelper.Sinks.Azure\BackupHelper.Sinks.Azure.csproj", "{2DA25BDB-BBC1-41B7-AFAD-A4F0ED7A454F}"
EndProject
Project("{FAE04EC0-301F-11D3-BF4B-00C04F79EFBC}") = "BackupHelper.Sinks.Abstractions", "src\BackupHelper.Sinks.Abstractions\BackupHelper.Sinks.Abstractions.csproj", "{2980AAB2-4302-4E3C-8588-2BE006175395}"
EndProject
Project("{FAE04EC0-301F-11D3-BF4B-00C04F79EFBC}") = "BackupHelper.Sinks.FileSystem", "src\BackupHelper.Sinks.FileSystem\BackupHelper.Sinks.FileSystem.csproj", "{D82CF760-0C05-4950-A2A6-7798920CD76E}"
EndProject
Global
	GlobalSection(SolutionConfigurationPlatforms) = preSolution
		Debug|Any CPU = Debug|Any CPU
		Release|Any CPU = Release|Any CPU
		Release-ConsoleApp|Any CPU = Release-ConsoleApp|Any CPU
	EndGlobalSection
	GlobalSection(ProjectConfigurationPlatforms) = postSolution
		{42D793F2-D0C0-4808-93FC-E45FE0BD3861}.Debug|Any CPU.ActiveCfg = Debug|Any CPU
		{42D793F2-D0C0-4808-93FC-E45FE0BD3861}.Debug|Any CPU.Build.0 = Debug|Any CPU
		{42D793F2-D0C0-4808-93FC-E45FE0BD3861}.Release|Any CPU.ActiveCfg = Release|Any CPU
		{42D793F2-D0C0-4808-93FC-E45FE0BD3861}.Release|Any CPU.Build.0 = Release|Any CPU
		{42D793F2-D0C0-4808-93FC-E45FE0BD3861}.Release-ConsoleApp|Any CPU.ActiveCfg = Release|Any CPU
		{42D793F2-D0C0-4808-93FC-E45FE0BD3861}.Release-ConsoleApp|Any CPU.Build.0 = Release|Any CPU
		{2703B2B8-D7C3-4592-B0A8-E1D1133A2AEF}.Debug|Any CPU.ActiveCfg = Debug|Any CPU
		{2703B2B8-D7C3-4592-B0A8-E1D1133A2AEF}.Debug|Any CPU.Build.0 = Debug|Any CPU
		{2703B2B8-D7C3-4592-B0A8-E1D1133A2AEF}.Release|Any CPU.ActiveCfg = Release|Any CPU
		{2703B2B8-D7C3-4592-B0A8-E1D1133A2AEF}.Release|Any CPU.Build.0 = Release|Any CPU
		{2703B2B8-D7C3-4592-B0A8-E1D1133A2AEF}.Release-ConsoleApp|Any CPU.ActiveCfg = Release|Any CPU
		{6CBFDFEA-102C-4B60-B455-EA97FB78BA29}.Debug|Any CPU.ActiveCfg = Debug|Any CPU
		{6CBFDFEA-102C-4B60-B455-EA97FB78BA29}.Debug|Any CPU.Build.0 = Debug|Any CPU
		{6CBFDFEA-102C-4B60-B455-EA97FB78BA29}.Release|Any CPU.ActiveCfg = Release|Any CPU
		{6CBFDFEA-102C-4B60-B455-EA97FB78BA29}.Release|Any CPU.Build.0 = Release|Any CPU
		{6CBFDFEA-102C-4B60-B455-EA97FB78BA29}.Release-ConsoleApp|Any CPU.ActiveCfg = Release|Any CPU
		{6CBFDFEA-102C-4B60-B455-EA97FB78BA29}.Release-ConsoleApp|Any CPU.Build.0 = Release|Any CPU
		{D9BD7CA3-138E-4633-8331-0680D0A95EB7}.Debug|Any CPU.ActiveCfg = Debug|Any CPU
		{D9BD7CA3-138E-4633-8331-0680D0A95EB7}.Debug|Any CPU.Build.0 = Debug|Any CPU
		{D9BD7CA3-138E-4633-8331-0680D0A95EB7}.Release|Any CPU.ActiveCfg = Release|Any CPU
		{D9BD7CA3-138E-4633-8331-0680D0A95EB7}.Release|Any CPU.Build.0 = Release|Any CPU
		{D9BD7CA3-138E-4633-8331-0680D0A95EB7}.Release-ConsoleApp|Any CPU.ActiveCfg = Debug|Any CPU
		{D9BD7CA3-138E-4633-8331-0680D0A95EB7}.Release-ConsoleApp|Any CPU.Build.0 = Debug|Any CPU
		{3CB86277-B9AB-4A51-98F3-D3B46CB4CB57}.Debug|Any CPU.ActiveCfg = Debug|Any CPU
		{3CB86277-B9AB-4A51-98F3-D3B46CB4CB57}.Debug|Any CPU.Build.0 = Debug|Any CPU
		{3CB86277-B9AB-4A51-98F3-D3B46CB4CB57}.Release|Any CPU.ActiveCfg = Release|Any CPU
		{3CB86277-B9AB-4A51-98F3-D3B46CB4CB57}.Release|Any CPU.Build.0 = Release|Any CPU
		{3CB86277-B9AB-4A51-98F3-D3B46CB4CB57}.Release-ConsoleApp|Any CPU.ActiveCfg = Debug|Any CPU
		{3CB86277-B9AB-4A51-98F3-D3B46CB4CB57}.Release-ConsoleApp|Any CPU.Build.0 = Debug|Any CPU
		{9945BD2C-9299-4314-96B1-9D9E965DD09E}.Debug|Any CPU.ActiveCfg = Debug|Any CPU
		{9945BD2C-9299-4314-96B1-9D9E965DD09E}.Debug|Any CPU.Build.0 = Debug|Any CPU
		{9945BD2C-9299-4314-96B1-9D9E965DD09E}.Release|Any CPU.ActiveCfg = Release|Any CPU
		{9945BD2C-9299-4314-96B1-9D9E965DD09E}.Release|Any CPU.Build.0 = Release|Any CPU
		{9945BD2C-9299-4314-96B1-9D9E965DD09E}.Release-ConsoleApp|Any CPU.ActiveCfg = Debug|Any CPU
		{9945BD2C-9299-4314-96B1-9D9E965DD09E}.Release-ConsoleApp|Any CPU.Build.0 = Debug|Any CPU
		{E18DCB6F-572A-480E-AD99-15744A2E8598}.Debug|Any CPU.ActiveCfg = Debug|Any CPU
		{E18DCB6F-572A-480E-AD99-15744A2E8598}.Debug|Any CPU.Build.0 = Debug|Any CPU
		{E18DCB6F-572A-480E-AD99-15744A2E8598}.Release|Any CPU.ActiveCfg = Release|Any CPU
		{E18DCB6F-572A-480E-AD99-15744A2E8598}.Release|Any CPU.Build.0 = Release|Any CPU
		{E18DCB6F-572A-480E-AD99-15744A2E8598}.Release-ConsoleApp|Any CPU.ActiveCfg = Debug|Any CPU
		{E18DCB6F-572A-480E-AD99-15744A2E8598}.Release-ConsoleApp|Any CPU.Build.0 = Debug|Any CPU
		{0FF8E2B1-ECEF-4C2E-9A16-8B83FFE1E668}.Debug|Any CPU.ActiveCfg = Debug|Any CPU
		{0FF8E2B1-ECEF-4C2E-9A16-8B83FFE1E668}.Debug|Any CPU.Build.0 = Debug|Any CPU
		{0FF8E2B1-ECEF-4C2E-9A16-8B83FFE1E668}.Release|Any CPU.ActiveCfg = Release|Any CPU
		{0FF8E2B1-ECEF-4C2E-9A16-8B83FFE1E668}.Release|Any CPU.Build.0 = Release|Any CPU
		{0FF8E2B1-ECEF-4C2E-9A16-8B83FFE1E668}.Release-ConsoleApp|Any CPU.ActiveCfg = Debug|Any CPU
		{0FF8E2B1-ECEF-4C2E-9A16-8B83FFE1E668}.Release-ConsoleApp|Any CPU.Build.0 = Debug|Any CPU
		{EAD66FA8-D9CD-4CCD-9C79-8E7A3AF88EB2}.Debug|Any CPU.ActiveCfg = Debug|Any CPU
		{EAD66FA8-D9CD-4CCD-9C79-8E7A3AF88EB2}.Debug|Any CPU.Build.0 = Debug|Any CPU
		{EAD66FA8-D9CD-4CCD-9C79-8E7A3AF88EB2}.Release|Any CPU.ActiveCfg = Release|Any CPU
		{EAD66FA8-D9CD-4CCD-9C79-8E7A3AF88EB2}.Release|Any CPU.Build.0 = Release|Any CPU
		{EAD66FA8-D9CD-4CCD-9C79-8E7A3AF88EB2}.Release-ConsoleApp|Any CPU.ActiveCfg = Debug|Any CPU
		{EAD66FA8-D9CD-4CCD-9C79-8E7A3AF88EB2}.Release-ConsoleApp|Any CPU.Build.0 = Debug|Any CPU
		{C663DEDC-CD7F-4F55-9448-5CC653139A63}.Debug|Any CPU.ActiveCfg = Debug|Any CPU
		{C663DEDC-CD7F-4F55-9448-5CC653139A63}.Debug|Any CPU.Build.0 = Debug|Any CPU
		{C663DEDC-CD7F-4F55-9448-5CC653139A63}.Release|Any CPU.ActiveCfg = Release|Any CPU
		{C663DEDC-CD7F-4F55-9448-5CC653139A63}.Release|Any CPU.Build.0 = Release|Any CPU
		{C663DEDC-CD7F-4F55-9448-5CC653139A63}.Release-ConsoleApp|Any CPU.ActiveCfg = Debug|Any CPU
		{C663DEDC-CD7F-4F55-9448-5CC653139A63}.Release-ConsoleApp|Any CPU.Build.0 = Debug|Any CPU
		{89F6E7F2-0EDA-43A9-A491-0BEBDC76AA6D}.Debug|Any CPU.ActiveCfg = Debug|Any CPU
		{89F6E7F2-0EDA-43A9-A491-0BEBDC76AA6D}.Debug|Any CPU.Build.0 = Debug|Any CPU
		{89F6E7F2-0EDA-43A9-A491-0BEBDC76AA6D}.Release|Any CPU.ActiveCfg = Release|Any CPU
		{89F6E7F2-0EDA-43A9-A491-0BEBDC76AA6D}.Release|Any CPU.Build.0 = Release|Any CPU
		{89F6E7F2-0EDA-43A9-A491-0BEBDC76AA6D}.Release-ConsoleApp|Any CPU.ActiveCfg = Debug|Any CPU
		{89F6E7F2-0EDA-43A9-A491-0BEBDC76AA6D}.Release-ConsoleApp|Any CPU.Build.0 = Debug|Any CPU
		{2DA25BDB-BBC1-41B7-AFAD-A4F0ED7A454F}.Debug|Any CPU.ActiveCfg = Debug|Any CPU
		{2DA25BDB-BBC1-41B7-AFAD-A4F0ED7A454F}.Debug|Any CPU.Build.0 = Debug|Any CPU
		{2DA25BDB-BBC1-41B7-AFAD-A4F0ED7A454F}.Release|Any CPU.ActiveCfg = Release|Any CPU
		{2DA25BDB-BBC1-41B7-AFAD-A4F0ED7A454F}.Release|Any CPU.Build.0 = Release|Any CPU
		{2DA25BDB-BBC1-41B7-AFAD-A4F0ED7A454F}.Release-ConsoleApp|Any CPU.ActiveCfg = Debug|Any CPU
		{2DA25BDB-BBC1-41B7-AFAD-A4F0ED7A454F}.Release-ConsoleApp|Any CPU.Build.0 = Debug|Any CPU
		{2980AAB2-4302-4E3C-8588-2BE006175395}.Debug|Any CPU.ActiveCfg = Debug|Any CPU
		{2980AAB2-4302-4E3C-8588-2BE006175395}.Debug|Any CPU.Build.0 = Debug|Any CPU
		{2980AAB2-4302-4E3C-8588-2BE006175395}.Release|Any CPU.ActiveCfg = Release|Any CPU
		{2980AAB2-4302-4E3C-8588-2BE006175395}.Release|Any CPU.Build.0 = Release|Any CPU
		{2980AAB2-4302-4E3C-8588-2BE006175395}.Release-ConsoleApp|Any CPU.ActiveCfg = Debug|Any CPU
		{2980AAB2-4302-4E3C-8588-2BE006175395}.Release-ConsoleApp|Any CPU.Build.0 = Debug|Any CPU
		{D82CF760-0C05-4950-A2A6-7798920CD76E}.Debug|Any CPU.ActiveCfg = Debug|Any CPU
		{D82CF760-0C05-4950-A2A6-7798920CD76E}.Debug|Any CPU.Build.0 = Debug|Any CPU
		{D82CF760-0C05-4950-A2A6-7798920CD76E}.Release|Any CPU.ActiveCfg = Release|Any CPU
		{D82CF760-0C05-4950-A2A6-7798920CD76E}.Release|Any CPU.Build.0 = Release|Any CPU
		{D82CF760-0C05-4950-A2A6-7798920CD76E}.Release-ConsoleApp|Any CPU.ActiveCfg = Debug|Any CPU
		{D82CF760-0C05-4950-A2A6-7798920CD76E}.Release-ConsoleApp|Any CPU.Build.0 = Debug|Any CPU
	EndGlobalSection
	GlobalSection(SolutionProperties) = preSolution
		HideSolutionNode = FALSE
	EndGlobalSection
	GlobalSection(NestedProjects) = preSolution
		{42D793F2-D0C0-4808-93FC-E45FE0BD3861} = {036A0814-F4D4-4054-BEA1-22F562BCA9C1}
		{2703B2B8-D7C3-4592-B0A8-E1D1133A2AEF} = {D1E4C4F2-71F9-4C60-A090-213BB9107928}
		{E22D1EE7-D361-41E3-AC1D-B286DA20D527} = {036A0814-F4D4-4054-BEA1-22F562BCA9C1}
		{6CBFDFEA-102C-4B60-B455-EA97FB78BA29} = {E22D1EE7-D361-41E3-AC1D-B286DA20D527}
		{B737ACBE-FCDA-4F94-BE6A-F78961B87834} = {036A0814-F4D4-4054-BEA1-22F562BCA9C1}
		{D9BD7CA3-138E-4633-8331-0680D0A95EB7} = {B737ACBE-FCDA-4F94-BE6A-F78961B87834}
		{3CB86277-B9AB-4A51-98F3-D3B46CB4CB57} = {B737ACBE-FCDA-4F94-BE6A-F78961B87834}
		{9945BD2C-9299-4314-96B1-9D9E965DD09E} = {B737ACBE-FCDA-4F94-BE6A-F78961B87834}
		{38353503-ACDF-42FA-8EF1-863182CBB456} = {D1E4C4F2-71F9-4C60-A090-213BB9107928}
		{E18DCB6F-572A-480E-AD99-15744A2E8598} = {38353503-ACDF-42FA-8EF1-863182CBB456}
		{0FF8E2B1-ECEF-4C2E-9A16-8B83FFE1E668} = {38353503-ACDF-42FA-8EF1-863182CBB456}
		{EAD66FA8-D9CD-4CCD-9C79-8E7A3AF88EB2} = {036A0814-F4D4-4054-BEA1-22F562BCA9C1}
		{C663DEDC-CD7F-4F55-9448-5CC653139A63} = {D1E4C4F2-71F9-4C60-A090-213BB9107928}
		{89F6E7F2-0EDA-43A9-A491-0BEBDC76AA6D} = {036A0814-F4D4-4054-BEA1-22F562BCA9C1}
		{F5D07AD9-192F-488F-94B6-9DDA39A1A021} = {036A0814-F4D4-4054-BEA1-22F562BCA9C1}
		{2DA25BDB-BBC1-41B7-AFAD-A4F0ED7A454F} = {F5D07AD9-192F-488F-94B6-9DDA39A1A021}
		{2980AAB2-4302-4E3C-8588-2BE006175395} = {F5D07AD9-192F-488F-94B6-9DDA39A1A021}
		{D82CF760-0C05-4950-A2A6-7798920CD76E} = {F5D07AD9-192F-488F-94B6-9DDA39A1A021}
	EndGlobalSection
	GlobalSection(ExtensibilityGlobals) = postSolution
		SolutionGuid = {3309D9DD-FDBD-4E48-87FB-70CE42F87EF4}
	EndGlobalSection
EndGlobal
