
Microsoft Visual Studio Solution File, Format Version 12.00
# Visual Studio Version 17
VisualStudioVersion = 17.3.32825.248
MinimumVisualStudioVersion = 10.0.40219.1
Project("{9A19103F-16F7-4668-BE54-9A1E7A4F7556}") = "BackupHelper.Core", "BackupHelper.Core\BackupHelper.Core.csproj", "{42D793F2-D0C0-4808-93FC-E45FE0BD3861}"
EndProject
Project("{2150E333-8FDC-42A3-9474-1A3956D46DE8}") = "src", "src", "{036A0814-F4D4-4054-BEA1-22F562BCA9C1}"
EndProject
Project("{2150E333-8FDC-42A3-9474-1A3956D46DE8}") = "tests", "tests", "{D1E4C4F2-71F9-4C60-A090-213BB9107928}"
EndProject
Project("{9A19103F-16F7-4668-BE54-9A1E7A4F7556}") = "BackupHelper.Tests", "BackupHelper.Tests\BackupHelper.Tests.csproj", "{2703B2B8-D7C3-4592-B0A8-E1D1133A2AEF}"
EndProject
Project("{9A19103F-16F7-4668-BE54-9A1E7A4F7556}") = "BackupHelper.Api", "BackupHelper.Api\BackupHelper.Api.csproj", "{D7D08E53-11D5-431A-96A1-D304522EC8B8}"
EndProject
Project("{2150E333-8FDC-42A3-9474-1A3956D46DE8}") = "interfaces", "interfaces", "{E22D1EE7-D361-41E3-AC1D-B286DA20D527}"
EndProject
Project("{FAE04EC0-301F-11D3-BF4B-00C04F79EFBC}") = "BackupHelper.ConsoleApp", "BackupHelper.ConsoleApp\BackupHelper.ConsoleApp.csproj", "{6CBFDFEA-102C-4B60-B455-EA97FB78BA29}"
EndProject
Global
	GlobalSection(SolutionConfigurationPlatforms) = preSolution
		Debug|Any CPU = Debug|Any CPU
		Release|Any CPU = Release|Any CPU
	EndGlobalSection
	GlobalSection(ProjectConfigurationPlatforms) = postSolution
		{42D793F2-D0C0-4808-93FC-E45FE0BD3861}.Debug|Any CPU.ActiveCfg = Debug|Any CPU
		{42D793F2-D0C0-4808-93FC-E45FE0BD3861}.Debug|Any CPU.Build.0 = Debug|Any CPU
		{42D793F2-D0C0-4808-93FC-E45FE0BD3861}.Release|Any CPU.ActiveCfg = Release|Any CPU
		{42D793F2-D0C0-4808-93FC-E45FE0BD3861}.Release|Any CPU.Build.0 = Release|Any CPU
		{2703B2B8-D7C3-4592-B0A8-E1D1133A2AEF}.Debug|Any CPU.ActiveCfg = Debug|Any CPU
		{2703B2B8-D7C3-4592-B0A8-E1D1133A2AEF}.Debug|Any CPU.Build.0 = Debug|Any CPU
		{2703B2B8-D7C3-4592-B0A8-E1D1133A2AEF}.Release|Any CPU.ActiveCfg = Release|Any CPU
		{2703B2B8-D7C3-4592-B0A8-E1D1133A2AEF}.Release|Any CPU.Build.0 = Release|Any CPU
		{D7D08E53-11D5-431A-96A1-D304522EC8B8}.Debug|Any CPU.ActiveCfg = Debug|Any CPU
		{D7D08E53-11D5-431A-96A1-D304522EC8B8}.Debug|Any CPU.Build.0 = Debug|Any CPU
		{D7D08E53-11D5-431A-96A1-D304522EC8B8}.Release|Any CPU.ActiveCfg = Release|Any CPU
		{D7D08E53-11D5-431A-96A1-D304522EC8B8}.Release|Any CPU.Build.0 = Release|Any CPU
		{6CBFDFEA-102C-4B60-B455-EA97FB78BA29}.Debug|Any CPU.ActiveCfg = Debug|Any CPU
		{6CBFDFEA-102C-4B60-B455-EA97FB78BA29}.Debug|Any CPU.Build.0 = Debug|Any CPU
		{6CBFDFEA-102C-4B60-B455-EA97FB78BA29}.Release|Any CPU.ActiveCfg = Release|Any CPU
		{6CBFDFEA-102C-4B60-B455-EA97FB78BA29}.Release|Any CPU.Build.0 = Release|Any CPU
	EndGlobalSection
	GlobalSection(SolutionProperties) = preSolution
		HideSolutionNode = FALSE
	EndGlobalSection
	GlobalSection(NestedProjects) = preSolution
		{42D793F2-D0C0-4808-93FC-E45FE0BD3861} = {036A0814-F4D4-4054-BEA1-22F562BCA9C1}
		{2703B2B8-D7C3-4592-B0A8-E1D1133A2AEF} = {D1E4C4F2-71F9-4C60-A090-213BB9107928}
		{D7D08E53-11D5-431A-96A1-D304522EC8B8} = {036A0814-F4D4-4054-BEA1-22F562BCA9C1}
		{E22D1EE7-D361-41E3-AC1D-B286DA20D527} = {036A0814-F4D4-4054-BEA1-22F562BCA9C1}
		{6CBFDFEA-102C-4B60-B455-EA97FB78BA29} = {E22D1EE7-D361-41E3-AC1D-B286DA20D527}
	EndGlobalSection
	GlobalSection(ExtensibilityGlobals) = postSolution
		SolutionGuid = {3309D9DD-FDBD-4E48-87FB-70CE42F87EF4}
	EndGlobalSection
EndGlobal
